
Microsoft Visual Studio Solution File, Format Version 12.00
# Visual Studio 15
VisualStudioVersion = 15.0.28010.2041
MinimumVisualStudioVersion = 10.0.40219.1
Project("{FAE04EC0-301F-11D3-BF4B-00C04F79EFBC}") = "Materials", "Materials\Materials.csproj", "{0862A452-B313-4209-9E0E-9BF958A61CE6}"
EndProject
Global
	GlobalSection(SolutionConfigurationPlatforms) = preSolution
		Debug|Any CPU = Debug|Any CPU
		Release|Any CPU = Release|Any CPU
	EndGlobalSection
	GlobalSection(ProjectConfigurationPlatforms) = postSolution
		{0862A452-B313-4209-9E0E-9BF958A61CE6}.Debug|Any CPU.ActiveCfg = Debug|Any CPU
		{0862A452-B313-4209-9E0E-9BF958A61CE6}.Debug|Any CPU.Build.0 = Debug|Any CPU
		{0862A452-B313-4209-9E0E-9BF958A61CE6}.Release|Any CPU.ActiveCfg = Release|Any CPU
		{0862A452-B313-4209-9E0E-9BF958A61CE6}.Release|Any CPU.Build.0 = Release|Any CPU
	EndGlobalSection
	GlobalSection(SolutionProperties) = preSolution
		HideSolutionNode = FALSE
	EndGlobalSection
	GlobalSection(ExtensibilityGlobals) = postSolution
		SolutionGuid = {FCFC09D4-3C4A-4D1A-933C-1B0361ADCB8A}
	EndGlobalSection
EndGlobal
